{
  "meteor": {},
  "dependencies": {
    "basePackages": {
      "bootstrap-3": {},
      "accounts-ui-bootstrap-3": {},
      "bootstrap3-datetimepicker": {},
      "jquery-autosize": {},
      "accounts-ui-bootstrap-3-blaze": {},
      "iron-router": {},
      "accounts-templates-bootstrap": {},
      "fast-render": {},
      "bootstrap-select": {},
      "emoji-continued": {},
      "kadira": {},
      "iron-router-ga": {}
    },
    "packages": {
      "bootstrap-3": {
        "git": "https://github.com/mangasocial/meteor-bootstrap-3.git",
        "tag": "v3.2.0-1",
        "commit": "17a63902fc6cf1096c5289d963c66cf28b474727"
      },
      "accounts-ui-bootstrap-3": {
        "git": "https://github.com/mangasocial/meteor-accounts-ui-bootstrap-3.git",
        "tag": "v0.3.3",
        "commit": "2e50b605d8d5ed68e48c4529a65f13552d8af3f9"
      },
      "bootstrap3-datetimepicker": {
        "git": "https://github.com/tsega/meteor-bootstrap3-datetimepicker.git",
        "tag": "v0.1.2",
        "commit": "9aebe6a10c6dceb17d4cfb3d03ea367748203428"
      },
      "jquery-autosize": {
        "git": "https://github.com/spendflow/meteor-jquery-autosize.git",
        "tag": "v1.17.8r1",
        "commit": "517be3d26cb2901f65d07de94d250e498d07dc48"
      },
      "accounts-ui-bootstrap-3-blaze": {
        "git": "https://github.com/rajit/meteor-accounts-ui-bootstrap-3.git",
        "tag": "v0.3.9",
        "commit": "1f21dbc5cadc788c0ada5df4f730b26660a1d5ea"
      },
      "iron-router": {
        "git": "https://github.com/EventedMind/iron-router.git",
        "tag": "v0.7.1",
        "commit": "d1ffb3f06ea4c112132b030f2eb1a70b81675ecb"
      },
      "accounts-templates-bootstrap": {
        "git": "https://github.com/splendido/accounts-templates-bootstrap.git",
        "tag": "v0.0.10",
        "commit": "3e1b8c9cc0675158ed9d382551cecdbdcd1c0380"
      },
      "fast-render": {
        "git": "https://github.com/arunoda/meteor-fast-render.git",
        "tag": "v0.2.8",
        "commit": "149984b1aff3a5642a270aff9bd9006872c8302e"
      },
      "bootstrap-select": {
        "git": "https://github.com/amrali/bootstrap-select-meteor.git",
        "tag": "v1.5.4",
        "commit": "de99107c031dad11327b7739e9f7b389a229c63f"
      },
      "emoji-continued": {
        "git": "https://github.com/SeriousM/meteor-emoji.git",
        "tag": "v1.0.2",
        "commit": "b9d2bf03fa343e2fdc6c38d0f21e75d96a1044d3"
      },
      "kadira": {
        "git": "https://github.com/meteorhacks/kadira.git",
        "tag": "v2.4.8",
        "commit": "5f4437af113537def34484c7b7a2a5e4d60847a9"
      },
      "iron-router-ga": {
        "git": "https://github.com/reywood/meteor-iron-router-ga.git",
        "tag": "v0.2.4",
        "commit": "4f65a5bf9c600582214ff9e91ee760f3fbad85eb"
      },
      "moment": {
        "git": "https://github.com/acreeger/meteor-moment.git",
        "tag": "v2.6.0",
        "commit": "26156df681750fd6e6ed77043eef32b6653ebbdf"
      },
      "blaze-layout": {
        "git": "https://github.com/EventedMind/blaze-layout.git",
        "tag": "v0.2.4",
        "commit": "b40e9b0612329288d75cf52ad14a7da64bb8618f"
      },
      "accounts-templates-core": {
        "git": "https://github.com/splendido/accounts-templates-core.git",
        "tag": "v0.0.11",
        "commit": "0e45146a21409c6d1984108664f8809672343194"
      },
      "accounts-t9n": {
        "git": "https://github.com/splendido/meteor-accounts-t9n.git",
        "branch": "master",
        "commit": "f81acad9c388513d594ba661aa0a2cc95816485c"
      }
    }
  }
}
